// !$*UTF8*$!
{
	archiveVersion = 1;
	classes = {
	};
	objectVersion = 55;
	objects = {

/* Begin PBXBuildFile section */
		3335862229E3461E00B99547 /* VegetarianRecipeMealsViewController.swift in Sources */ = {isa = PBXBuildFile; fileRef = 3335862129E3461E00B99547 /* VegetarianRecipeMealsViewController.swift */; };
		3335862429E37A0600B99547 /* PescatarianRecipeMealsViewController.swift in Sources */ = {isa = PBXBuildFile; fileRef = 3335862329E37A0600B99547 /* PescatarianRecipeMealsViewController.swift */; };
		336B7E0229E6518F00DA8EA5 /* ClimateChangeFacts.swift in Sources */ = {isa = PBXBuildFile; fileRef = 336B7E0129E6518F00DA8EA5 /* ClimateChangeFacts.swift */; };
		338F172729E3AD7100045D83 /* RecipeListTableViewController.swift in Sources */ = {isa = PBXBuildFile; fileRef = 338F172629E3AD7100045D83 /* RecipeListTableViewController.swift */; };
		3390289A29DE21A3008F6750 /* AppDelegate.swift in Sources */ = {isa = PBXBuildFile; fileRef = 3390289929DE21A3008F6750 /* AppDelegate.swift */; };
		3390289C29DE21A3008F6750 /* SceneDelegate.swift in Sources */ = {isa = PBXBuildFile; fileRef = 3390289B29DE21A3008F6750 /* SceneDelegate.swift */; };
		3390289E29DE21A3008F6750 /* HomeViewController.swift in Sources */ = {isa = PBXBuildFile; fileRef = 3390289D29DE21A3008F6750 /* HomeViewController.swift */; };
		339028A129DE21A3008F6750 /* Main.storyboard in Resources */ = {isa = PBXBuildFile; fileRef = 3390289F29DE21A3008F6750 /* Main.storyboard */; };
		339028A429DE21A3008F6750 /* RecipeApp.xcdatamodeld in Sources */ = {isa = PBXBuildFile; fileRef = 339028A229DE21A3008F6750 /* RecipeApp.xcdatamodeld */; };
		339028A629DE21A5008F6750 /* Assets.xcassets in Resources */ = {isa = PBXBuildFile; fileRef = 339028A529DE21A5008F6750 /* Assets.xcassets */; };
		339028A929DE21A5008F6750 /* LaunchScreen.storyboard in Resources */ = {isa = PBXBuildFile; fileRef = 339028A729DE21A5008F6750 /* LaunchScreen.storyboard */; };
		33D51C8629E1DF0A00BC0626 /* VeganRecipeMealsViewController.swift in Sources */ = {isa = PBXBuildFile; fileRef = 33D51C8529E1DF0A00BC0626 /* VeganRecipeMealsViewController.swift */; };
/* End PBXBuildFile section */

/* Begin PBXFileReference section */
		3335862129E3461E00B99547 /* VegetarianRecipeMealsViewController.swift */ = {isa = PBXFileReference; lastKnownFileType = sourcecode.swift; path = VegetarianRecipeMealsViewController.swift; sourceTree = "<group>"; };
		3335862329E37A0600B99547 /* PescatarianRecipeMealsViewController.swift */ = {isa = PBXFileReference; lastKnownFileType = sourcecode.swift; path = PescatarianRecipeMealsViewController.swift; sourceTree = "<group>"; };
		336B7E0129E6518F00DA8EA5 /* ClimateChangeFacts.swift */ = {isa = PBXFileReference; lastKnownFileType = sourcecode.swift; path = ClimateChangeFacts.swift; sourceTree = "<group>"; };
		338F172629E3AD7100045D83 /* RecipeListTableViewController.swift */ = {isa = PBXFileReference; lastKnownFileType = sourcecode.swift; path = RecipeListTableViewController.swift; sourceTree = "<group>"; };
		3390289629DE21A3008F6750 /* RecipeApp.app */ = {isa = PBXFileReference; explicitFileType = wrapper.application; includeInIndex = 0; path = RecipeApp.app; sourceTree = BUILT_PRODUCTS_DIR; };
		3390289929DE21A3008F6750 /* AppDelegate.swift */ = {isa = PBXFileReference; lastKnownFileType = sourcecode.swift; path = AppDelegate.swift; sourceTree = "<group>"; };
		3390289B29DE21A3008F6750 /* SceneDelegate.swift */ = {isa = PBXFileReference; lastKnownFileType = sourcecode.swift; path = SceneDelegate.swift; sourceTree = "<group>"; };
		3390289D29DE21A3008F6750 /* HomeViewController.swift */ = {isa = PBXFileReference; lastKnownFileType = sourcecode.swift; path = HomeViewController.swift; sourceTree = "<group>"; };
		339028A029DE21A3008F6750 /* Base */ = {isa = PBXFileReference; lastKnownFileType = file.storyboard; name = Base; path = Base.lproj/Main.storyboard; sourceTree = "<group>"; };
		339028A329DE21A3008F6750 /* RecipeApp.xcdatamodel */ = {isa = PBXFileReference; lastKnownFileType = wrapper.xcdatamodel; path = RecipeApp.xcdatamodel; sourceTree = "<group>"; };
		339028A529DE21A5008F6750 /* Assets.xcassets */ = {isa = PBXFileReference; lastKnownFileType = folder.assetcatalog; path = Assets.xcassets; sourceTree = "<group>"; };
		339028A829DE21A5008F6750 /* Base */ = {isa = PBXFileReference; lastKnownFileType = file.storyboard; name = Base; path = Base.lproj/LaunchScreen.storyboard; sourceTree = "<group>"; };
		339028AA29DE21A5008F6750 /* Info.plist */ = {isa = PBXFileReference; lastKnownFileType = text.plist.xml; path = Info.plist; sourceTree = "<group>"; };
		33D51C8529E1DF0A00BC0626 /* VeganRecipeMealsViewController.swift */ = {isa = PBXFileReference; lastKnownFileType = sourcecode.swift; path = VeganRecipeMealsViewController.swift; sourceTree = "<group>"; };
/* End PBXFileReference section */

/* Begin PBXFrameworksBuildPhase section */
		3390289329DE21A3008F6750 /* Frameworks */ = {
			isa = PBXFrameworksBuildPhase;
			buildActionMask = 2147483647;
			files = (
			);
			runOnlyForDeploymentPostprocessing = 0;
		};
/* End PBXFrameworksBuildPhase section */

/* Begin PBXGroup section */
		3390288D29DE21A3008F6750 = {
			isa = PBXGroup;
			children = (
				3390289829DE21A3008F6750 /* RecipeApp */,
				3390289729DE21A3008F6750 /* Products */,
			);
			sourceTree = "<group>";
		};
		3390289729DE21A3008F6750 /* Products */ = {
			isa = PBXGroup;
			children = (
				3390289629DE21A3008F6750 /* RecipeApp.app */,
			);
			name = Products;
			sourceTree = "<group>";
		};
		3390289829DE21A3008F6750 /* RecipeApp */ = {
			isa = PBXGroup;
			children = (
				3390289929DE21A3008F6750 /* AppDelegate.swift */,
				3390289B29DE21A3008F6750 /* SceneDelegate.swift */,
				3390289D29DE21A3008F6750 /* HomeViewController.swift */,
				3390289F29DE21A3008F6750 /* Main.storyboard */,
				3335862329E37A0600B99547 /* PescatarianRecipeMealsViewController.swift */,
				3335862129E3461E00B99547 /* VegetarianRecipeMealsViewController.swift */,
				33D51C8529E1DF0A00BC0626 /* VeganRecipeMealsViewController.swift */,
				338F172629E3AD7100045D83 /* RecipeListTableViewController.swift */,
				339028A529DE21A5008F6750 /* Assets.xcassets */,
				339028A729DE21A5008F6750 /* LaunchScreen.storyboard */,
				339028AA29DE21A5008F6750 /* Info.plist */,
				339028A229DE21A3008F6750 /* RecipeApp.xcdatamodeld */,
				336B7E0129E6518F00DA8EA5 /* ClimateChangeFacts.swift */,
			);
			path = RecipeApp;
			sourceTree = "<group>";
		};
/* End PBXGroup section */

/* Begin PBXNativeTarget section */
		3390289529DE21A3008F6750 /* RecipeApp */ = {
			isa = PBXNativeTarget;
			buildConfigurationList = 339028AD29DE21A5008F6750 /* Build configuration list for PBXNativeTarget "RecipeApp" */;
			buildPhases = (
				3390289229DE21A3008F6750 /* Sources */,
				3390289329DE21A3008F6750 /* Frameworks */,
				3390289429DE21A3008F6750 /* Resources */,
			);
			buildRules = (
			);
			dependencies = (
			);
			name = RecipeApp;
			productName = RecipeApp;
			productReference = 3390289629DE21A3008F6750 /* RecipeApp.app */;
			productType = "com.apple.product-type.application";
		};
/* End PBXNativeTarget section */

/* Begin PBXProject section */
		3390288E29DE21A3008F6750 /* Project object */ = {
			isa = PBXProject;
			attributes = {
				BuildIndependentTargetsInParallel = 1;
				LastSwiftUpdateCheck = 1340;
				LastUpgradeCheck = 1340;
				TargetAttributes = {
					3390289529DE21A3008F6750 = {
						CreatedOnToolsVersion = 13.4.1;
					};
				};
			};
			buildConfigurationList = 3390289129DE21A3008F6750 /* Build configuration list for PBXProject "RecipeApp" */;
			compatibilityVersion = "Xcode 13.0";
			developmentRegion = en;
			hasScannedForEncodings = 0;
			knownRegions = (
				en,
				Base,
			);
			mainGroup = 3390288D29DE21A3008F6750;
			productRefGroup = 3390289729DE21A3008F6750 /* Products */;
			projectDirPath = "";
			projectRoot = "";
			targets = (
				3390289529DE21A3008F6750 /* RecipeApp */,
			);
		};
/* End PBXProject section */

/* Begin PBXResourcesBuildPhase section */
		3390289429DE21A3008F6750 /* Resources */ = {
			isa = PBXResourcesBuildPhase;
			buildActionMask = 2147483647;
			files = (
				339028A929DE21A5008F6750 /* LaunchScreen.storyboard in Resources */,
				339028A629DE21A5008F6750 /* Assets.xcassets in Resources */,
				339028A129DE21A3008F6750 /* Main.storyboard in Resources */,
			);
			runOnlyForDeploymentPostprocessing = 0;
		};
/* End PBXResourcesBuildPhase section */

/* Begin PBXSourcesBuildPhase section */
		3390289229DE21A3008F6750 /* Sources */ = {
			isa = PBXSourcesBuildPhase;
			buildActionMask = 2147483647;
			files = (
				33D51C8629E1DF0A00BC0626 /* VeganRecipeMealsViewController.swift in Sources */,
				338F172729E3AD7100045D83 /* RecipeListTableViewController.swift in Sources */,
				336B7E0229E6518F00DA8EA5 /* ClimateChangeFacts.swift in Sources */,
				3335862429E37A0600B99547 /* PescatarianRecipeMealsViewController.swift in Sources */,
				3390289E29DE21A3008F6750 /* HomeViewController.swift in Sources */,
				3390289A29DE21A3008F6750 /* AppDelegate.swift in Sources */,
				3390289C29DE21A3008F6750 /* SceneDelegate.swift in Sources */,
				339028A429DE21A3008F6750 /* RecipeApp.xcdatamodeld in Sources */,
				3335862229E3461E00B99547 /* VegetarianRecipeMealsViewController.swift in Sources */,
			);
			runOnlyForDeploymentPostprocessing = 0;
		};
/* End PBXSourcesBuildPhase section */

/* Begin PBXVariantGroup section */
		3390289F29DE21A3008F6750 /* Main.storyboard */ = {
			isa = PBXVariantGroup;
			children = (
				339028A029DE21A3008F6750 /* Base */,
			);
			name = Main.storyboard;
			sourceTree = "<group>";
		};
		339028A729DE21A5008F6750 /* LaunchScreen.storyboard */ = {
			isa = PBXVariantGroup;
			children = (
				339028A829DE21A5008F6750 /* Base */,
			);
			name = LaunchScreen.storyboard;
			sourceTree = "<group>";
		};
/* End PBXVariantGroup section */

/* Begin XCBuildConfiguration section */
		339028AB29DE21A5008F6750 /* Debug */ = {
			isa = XCBuildConfiguration;
			buildSettings = {
				ALWAYS_SEARCH_USER_PATHS = NO;
				CLANG_ANALYZER_NONNULL = YES;
				CLANG_ANALYZER_NUMBER_OBJECT_CONVERSION = YES_AGGRESSIVE;
				CLANG_CXX_LANGUAGE_STANDARD = "gnu++17";
				CLANG_ENABLE_MODULES = YES;
				CLANG_ENABLE_OBJC_ARC = YES;
				CLANG_ENABLE_OBJC_WEAK = YES;
				CLANG_WARN_BLOCK_CAPTURE_AUTORELEASING = YES;
				CLANG_WARN_BOOL_CONVERSION = YES;
				CLANG_WARN_COMMA = YES;
				CLANG_WARN_CONSTANT_CONVERSION = YES;
				CLANG_WARN_DEPRECATED_OBJC_IMPLEMENTATIONS = YES;
				CLANG_WARN_DIRECT_OBJC_ISA_USAGE = YES_ERROR;
				CLANG_WARN_DOCUMENTATION_COMMENTS = YES;
				CLANG_WARN_EMPTY_BODY = YES;
				CLANG_WARN_ENUM_CONVERSION = YES;
				CLANG_WARN_INFINITE_RECURSION = YES;
				CLANG_WARN_INT_CONVERSION = YES;
				CLANG_WARN_NON_LITERAL_NULL_CONVERSION = YES;
				CLANG_WARN_OBJC_IMPLICIT_RETAIN_SELF = YES;
				CLANG_WARN_OBJC_LITERAL_CONVERSION = YES;
				CLANG_WARN_OBJC_ROOT_CLASS = YES_ERROR;
				CLANG_WARN_QUOTED_INCLUDE_IN_FRAMEWORK_HEADER = YES;
				CLANG_WARN_RANGE_LOOP_ANALYSIS = YES;
				CLANG_WARN_STRICT_PROTOTYPES = YES;
				CLANG_WARN_SUSPICIOUS_MOVE = YES;
				CLANG_WARN_UNGUARDED_AVAILABILITY = YES_AGGRESSIVE;
				CLANG_WARN_UNREACHABLE_CODE = YES;
				CLANG_WARN__DUPLICATE_METHOD_MATCH = YES;
				COPY_PHASE_STRIP = NO;
				DEBUG_INFORMATION_FORMAT = dwarf;
				ENABLE_STRICT_OBJC_MSGSEND = YES;
				ENABLE_TESTABILITY = YES;
				GCC_C_LANGUAGE_STANDARD = gnu11;
				GCC_DYNAMIC_NO_PIC = NO;
				GCC_NO_COMMON_BLOCKS = YES;
				GCC_OPTIMIZATION_LEVEL = 0;
				GCC_PREPROCESSOR_DEFINITIONS = (
					"DEBUG=1",
					"$(inherited)",
				);
				GCC_WARN_64_TO_32_BIT_CONVERSION = YES;
				GCC_WARN_ABOUT_RETURN_TYPE = YES_ERROR;
				GCC_WARN_UNDECLARED_SELECTOR = YES;
				GCC_WARN_UNINITIALIZED_AUTOS = YES_AGGRESSIVE;
				GCC_WARN_UNUSED_FUNCTION = YES;
				GCC_WARN_UNUSED_VARIABLE = YES;
				IPHONEOS_DEPLOYMENT_TARGET = 15.5;
				MTL_ENABLE_DEBUG_INFO = INCLUDE_SOURCE;
				MTL_FAST_MATH = YES;
				ONLY_ACTIVE_ARCH = YES;
				SDKROOT = iphoneos;
				SWIFT_ACTIVE_COMPILATION_CONDITIONS = DEBUG;
				SWIFT_OPTIMIZATION_LEVEL = "-Onone";
			};
			name = Debug;
		};
		339028AC29DE21A5008F6750 /* Release */ = {
			isa = XCBuildConfiguration;
			buildSettings = {
				ALWAYS_SEARCH_USER_PATHS = NO;
				CLANG_ANALYZER_NONNULL = YES;
				CLANG_ANALYZER_NUMBER_OBJECT_CONVERSION = YES_AGGRESSIVE;
				CLANG_CXX_LANGUAGE_STANDARD = "gnu++17";
				CLANG_ENABLE_MODULES = YES;
				CLANG_ENABLE_OBJC_ARC = YES;
				CLANG_ENABLE_OBJC_WEAK = YES;
				CLANG_WARN_BLOCK_CAPTURE_AUTORELEASING = YES;
				CLANG_WARN_BOOL_CONVERSION = YES;
				CLANG_WARN_COMMA = YES;
				CLANG_WARN_CONSTANT_CONVERSION = YES;
				CLANG_WARN_DEPRECATED_OBJC_IMPLEMENTATIONS = YES;
				CLANG_WARN_DIRECT_OBJC_ISA_USAGE = YES_ERROR;
				CLANG_WARN_DOCUMENTATION_COMMENTS = YES;
				CLANG_WARN_EMPTY_BODY = YES;
				CLANG_WARN_ENUM_CONVERSION = YES;
				CLANG_WARN_INFINITE_RECURSION = YES;
				CLANG_WARN_INT_CONVERSION = YES;
				CLANG_WARN_NON_LITERAL_NULL_CONVERSION = YES;
				CLANG_WARN_OBJC_IMPLICIT_RETAIN_SELF = YES;
				CLANG_WARN_OBJC_LITERAL_CONVERSION = YES;
				CLANG_WARN_OBJC_ROOT_CLASS = YES_ERROR;
				CLANG_WARN_QUOTED_INCLUDE_IN_FRAMEWORK_HEADER = YES;
				CLANG_WARN_RANGE_LOOP_ANALYSIS = YES;
				CLANG_WARN_STRICT_PROTOTYPES = YES;
				CLANG_WARN_SUSPICIOUS_MOVE = YES;
				CLANG_WARN_UNGUARDED_AVAILABILITY = YES_AGGRESSIVE;
				CLANG_WARN_UNREACHABLE_CODE = YES;
				CLANG_WARN__DUPLICATE_METHOD_MATCH = YES;
				COPY_PHASE_STRIP = NO;
				DEBUG_INFORMATION_FORMAT = "dwarf-with-dsym";
				ENABLE_NS_ASSERTIONS = NO;
				ENABLE_STRICT_OBJC_MSGSEND = YES;
				GCC_C_LANGUAGE_STANDARD = gnu11;
				GCC_NO_COMMON_BLOCKS = YES;
				GCC_WARN_64_TO_32_BIT_CONVERSION = YES;
				GCC_WARN_ABOUT_RETURN_TYPE = YES_ERROR;
				GCC_WARN_UNDECLARED_SELECTOR = YES;
				GCC_WARN_UNINITIALIZED_AUTOS = YES_AGGRESSIVE;
				GCC_WARN_UNUSED_FUNCTION = YES;
				GCC_WARN_UNUSED_VARIABLE = YES;
				IPHONEOS_DEPLOYMENT_TARGET = 15.5;
				MTL_ENABLE_DEBUG_INFO = NO;
				MTL_FAST_MATH = YES;
				SDKROOT = iphoneos;
				SWIFT_COMPILATION_MODE = wholemodule;
				SWIFT_OPTIMIZATION_LEVEL = "-O";
				VALIDATE_PRODUCT = YES;
			};
			name = Release;
		};
		339028AE29DE21A5008F6750 /* Debug */ = {
			isa = XCBuildConfiguration;
			buildSettings = {
				ASSETCATALOG_COMPILER_APPICON_NAME = AppIcon;
				ASSETCATALOG_COMPILER_GLOBAL_ACCENT_COLOR_NAME = AccentColor;
				CODE_SIGN_STYLE = Automatic;
				CURRENT_PROJECT_VERSION = 1;
				DEVELOPMENT_TEAM = P5K8TA2LRA;
				GENERATE_INFOPLIST_FILE = YES;
				INFOPLIST_FILE = RecipeApp/Info.plist;
				INFOPLIST_KEY_UIApplicationSupportsIndirectInputEvents = YES;
				INFOPLIST_KEY_UILaunchStoryboardName = LaunchScreen;
				INFOPLIST_KEY_UIMainStoryboardFile = Main;
				INFOPLIST_KEY_UISupportedInterfaceOrientations = UIInterfaceOrientationPortrait;
				INFOPLIST_KEY_UISupportedInterfaceOrientations_iPad = "UIInterfaceOrientationPortrait UIInterfaceOrientationPortraitUpsideDown";
				LD_RUNPATH_SEARCH_PATHS = (
					"$(inherited)",
					"@executable_path/Frameworks",
				);
				MARKETING_VERSION = 1.0;
				PRODUCT_BUNDLE_IDENTIFIER = com.shania.RecipeApp;
				PRODUCT_NAME = "$(TARGET_NAME)";
				SWIFT_EMIT_LOC_STRINGS = YES;
				SWIFT_VERSION = 5.0;
				TARGETED_DEVICE_FAMILY = "1,2";
			};
			name = Debug;
		};
		339028AF29DE21A5008F6750 /* Release */ = {
			isa = XCBuildConfiguration;
			buildSettings = {
				ASSETCATALOG_COMPILER_APPICON_NAME = AppIcon;
				ASSETCATALOG_COMPILER_GLOBAL_ACCENT_COLOR_NAME = AccentColor;
				CODE_SIGN_STYLE = Automatic;
				CURRENT_PROJECT_VERSION = 1;
				DEVELOPMENT_TEAM = P5K8TA2LRA;
				GENERATE_INFOPLIST_FILE = YES;
				INFOPLIST_FILE = RecipeApp/Info.plist;
				INFOPLIST_KEY_UIApplicationSupportsIndirectInputEvents = YES;
				INFOPLIST_KEY_UILaunchStoryboardName = LaunchScreen;
				INFOPLIST_KEY_UIMainStoryboardFile = Main;
				INFOPLIST_KEY_UISupportedInterfaceOrientations = UIInterfaceOrientationPortrait;
				INFOPLIST_KEY_UISupportedInterfaceOrientations_iPad = "UIInterfaceOrientationPortrait UIInterfaceOrientationPortraitUpsideDown";
				LD_RUNPATH_SEARCH_PATHS = (
					"$(inherited)",
					"@executable_path/Frameworks",
				);
				MARKETING_VERSION = 1.0;
				PRODUCT_BUNDLE_IDENTIFIER = com.shania.RecipeApp;
				PRODUCT_NAME = "$(TARGET_NAME)";
				SWIFT_EMIT_LOC_STRINGS = YES;
				SWIFT_VERSION = 5.0;
				TARGETED_DEVICE_FAMILY = "1,2";
			};
			name = Release;
		};
/* End XCBuildConfiguration section */

/* Begin XCConfigurationList section */
		3390289129DE21A3008F6750 /* Build configuration list for PBXProject "RecipeApp" */ = {
			isa = XCConfigurationList;
			buildConfigurations = (
				339028AB29DE21A5008F6750 /* Debug */,
				339028AC29DE21A5008F6750 /* Release */,
			);
			defaultConfigurationIsVisible = 0;
			defaultConfigurationName = Release;
		};
		339028AD29DE21A5008F6750 /* Build configuration list for PBXNativeTarget "RecipeApp" */ = {
			isa = XCConfigurationList;
			buildConfigurations = (
				339028AE29DE21A5008F6750 /* Debug */,
				339028AF29DE21A5008F6750 /* Release */,
			);
			defaultConfigurationIsVisible = 0;
			defaultConfigurationName = Release;
		};
/* End XCConfigurationList section */

/* Begin XCVersionGroup section */
		339028A229DE21A3008F6750 /* RecipeApp.xcdatamodeld */ = {
			isa = XCVersionGroup;
			children = (
				339028A329DE21A3008F6750 /* RecipeApp.xcdatamodel */,
			);
			currentVersion = 339028A329DE21A3008F6750 /* RecipeApp.xcdatamodel */;
			path = RecipeApp.xcdatamodeld;
			sourceTree = "<group>";
			versionGroupType = wrapper.xcdatamodel;
		};
/* End XCVersionGroup section */
	};
	rootObject = 3390288E29DE21A3008F6750 /* Project object */;
}
